// !$*UTF8*$!
{
	archiveVersion = 1;
	classes = {
	};
	objectVersion = 56;
	objects = {

/* Begin PBXBuildFile section */
		2F1DF7A92B50A09F00C0CED6 /* FacePaintView.swift in Sources */ = {isa = PBXBuildFile; fileRef = 2F1DF7A82B50A09F00C0CED6 /* FacePaintView.swift */; };
		2F1DF7AD2B50A29A00C0CED6 /* FacePaintModel.swift in Sources */ = {isa = PBXBuildFile; fileRef = 2F1DF7AC2B50A29A00C0CED6 /* FacePaintModel.swift */; };
		2F4756DE2B2FC89400857831 /* MaskViewControllerReprentable.swift in Sources */ = {isa = PBXBuildFile; fileRef = 2F4756DD2B2FC89400857831 /* MaskViewControllerReprentable.swift */; };
		2F6004972B5A08F20099D4A3 /* InstructionsView.swift in Sources */ = {isa = PBXBuildFile; fileRef = 2F6004962B5A08F20099D4A3 /* InstructionsView.swift */; };
		2F6004D92B5ABE250099D4A3 /* ActivityView.swift in Sources */ = {isa = PBXBuildFile; fileRef = 2F6004D82B5ABE250099D4A3 /* ActivityView.swift */; };
		2F6004DB2B5AFE800099D4A3 /* topDownAnim_1.mp4 in Resources */ = {isa = PBXBuildFile; fileRef = 2F6004DA2B5AFE800099D4A3 /* topDownAnim_1.mp4 */; };
		2F6E14FC2B2B6D8A009B6710 /* catMaskLayoutV2.png in Resources */ = {isa = PBXBuildFile; fileRef = 2F6E14FB2B2B6D8A009B6710 /* catMaskLayoutV2.png */; };
		2F6E14FE2B2B78C5009B6710 /* MaskRealityView.swift in Sources */ = {isa = PBXBuildFile; fileRef = 2F6E14FD2B2B78C5009B6710 /* MaskRealityView.swift */; };
		2F7D160E2B5FE05900D396A0 /* MaskViewController.swift in Sources */ = {isa = PBXBuildFile; fileRef = 2F7D160D2B5FE05900D396A0 /* MaskViewController.swift */; };
		2F7D5AC52B0CFD15001760FE /* QuickLookController.swift in Sources */ = {isa = PBXBuildFile; fileRef = 2F7D5AC42B0CFD15001760FE /* QuickLookController.swift */; };
		2F7D5AC72B0CFDCB001760FE /* catFace.usdz in Resources */ = {isa = PBXBuildFile; fileRef = 2F7D5AC62B0CFDCB001760FE /* catFace.usdz */; };
		2F81E9132B5890550065E2B2 /* AppErrors.swift in Sources */ = {isa = PBXBuildFile; fileRef = 2F81E9122B5890550065E2B2 /* AppErrors.swift */; };
		2F8A87AD2B32EB3500DA3DA4 /* MatEntryView.swift in Sources */ = {isa = PBXBuildFile; fileRef = 2F8A87AC2B32EB3500DA3DA4 /* MatEntryView.swift */; };
		2F8A87AF2B32EBCA00DA3DA4 /* HomeView.swift in Sources */ = {isa = PBXBuildFile; fileRef = 2F8A87AE2B32EBCA00DA3DA4 /* HomeView.swift */; };
		2F8A87B22B32F9BC00DA3DA4 /* Structs.swift in Sources */ = {isa = PBXBuildFile; fileRef = 2F8A87B12B32F9BC00DA3DA4 /* Structs.swift */; };
		2FA02C062B719534008BC355 /* ImageEditView.swift in Sources */ = {isa = PBXBuildFile; fileRef = 2FA02C052B719534008BC355 /* ImageEditView.swift */; };
		2FB0DF8E2B745A210035E62B /* HandlingJSON.swift in Sources */ = {isa = PBXBuildFile; fileRef = 2FB0DF8D2B745A210035E62B /* HandlingJSON.swift */; };
		2FBBE8C82B10406400777031 /* catFace.jpg in Resources */ = {isa = PBXBuildFile; fileRef = 2FBBE8C72B10406400777031 /* catFace.jpg */; };
		2FBD2F4D2B50C259004AC58B /* imgTest2.png in Resources */ = {isa = PBXBuildFile; fileRef = 2FBD2F4C2B50C259004AC58B /* imgTest2.png */; };
		2FBD2F512B514907004AC58B /* StateEnums.swift in Sources */ = {isa = PBXBuildFile; fileRef = 2FBD2F502B514907004AC58B /* StateEnums.swift */; };
		2FBD2F542B516570004AC58B /* ButtonMenuView.swift in Sources */ = {isa = PBXBuildFile; fileRef = 2FBD2F532B516570004AC58B /* ButtonMenuView.swift */; };
		2FEC1D872AFA55DF0047B439 /* PhotoCheckView.swift in Sources */ = {isa = PBXBuildFile; fileRef = 2FEC1D862AFA55DF0047B439 /* PhotoCheckView.swift */; };
		2FEC1D892AFB17F10047B439 /* CameraView.swift in Sources */ = {isa = PBXBuildFile; fileRef = 2FEC1D882AFB17F10047B439 /* CameraView.swift */; };
		2FFD8D242AF3FD6000B80D62 /* AugDragonApp.swift in Sources */ = {isa = PBXBuildFile; fileRef = 2FFD8D232AF3FD6000B80D62 /* AugDragonApp.swift */; };
		2FFD8D282AF3FD6200B80D62 /* Assets.xcassets in Resources */ = {isa = PBXBuildFile; fileRef = 2FFD8D272AF3FD6200B80D62 /* Assets.xcassets */; };
		2FFD8D2B2AF3FD6200B80D62 /* Preview Assets.xcassets in Resources */ = {isa = PBXBuildFile; fileRef = 2FFD8D2A2AF3FD6200B80D62 /* Preview Assets.xcassets */; };
		2FFD8D332AF3FDB700B80D62 /* VisionAnalyserModel.swift in Sources */ = {isa = PBXBuildFile; fileRef = 2FFD8D322AF3FDB700B80D62 /* VisionAnalyserModel.swift */; };
		2FFD8D382AF3FE2300B80D62 /* CameraViewModel.swift in Sources */ = {isa = PBXBuildFile; fileRef = 2FFD8D372AF3FE2300B80D62 /* CameraViewModel.swift */; };
		2FFD8D3B2AF3FF5700B80D62 /* CameraPreview.swift in Sources */ = {isa = PBXBuildFile; fileRef = 2FFD8D3A2AF3FF5700B80D62 /* CameraPreview.swift */; };
		2FFD8D3D2AF3FF5F00B80D62 /* CameraViewController.swift in Sources */ = {isa = PBXBuildFile; fileRef = 2FFD8D3C2AF3FF5F00B80D62 /* CameraViewController.swift */; };
		2FFD8D402AF3FFD400B80D62 /* ContentView.swift in Sources */ = {isa = PBXBuildFile; fileRef = 2FFD8D3F2AF3FFD400B80D62 /* ContentView.swift */; };
		2FFD8D422AF3FFFA00B80D62 /* CameraViewRepresentable.swift in Sources */ = {isa = PBXBuildFile; fileRef = 2FFD8D412AF3FFFA00B80D62 /* CameraViewRepresentable.swift */; };
/* End PBXBuildFile section */

/* Begin PBXFileReference section */
		2F1DF7A82B50A09F00C0CED6 /* FacePaintView.swift */ = {isa = PBXFileReference; lastKnownFileType = sourcecode.swift; path = FacePaintView.swift; sourceTree = "<group>"; };
		2F1DF7AC2B50A29A00C0CED6 /* FacePaintModel.swift */ = {isa = PBXFileReference; fileEncoding = 4; lastKnownFileType = sourcecode.swift; path = FacePaintModel.swift; sourceTree = "<group>"; };
		2F4756DD2B2FC89400857831 /* MaskViewControllerReprentable.swift */ = {isa = PBXFileReference; lastKnownFileType = sourcecode.swift; path = MaskViewControllerReprentable.swift; sourceTree = "<group>"; };
		2F6004962B5A08F20099D4A3 /* InstructionsView.swift */ = {isa = PBXFileReference; lastKnownFileType = sourcecode.swift; path = InstructionsView.swift; sourceTree = "<group>"; };
		2F6004D82B5ABE250099D4A3 /* ActivityView.swift */ = {isa = PBXFileReference; lastKnownFileType = sourcecode.swift; path = ActivityView.swift; sourceTree = "<group>"; };
		2F6004DA2B5AFE800099D4A3 /* topDownAnim_1.mp4 */ = {isa = PBXFileReference; lastKnownFileType = file; path = topDownAnim_1.mp4; sourceTree = "<group>"; };
		2F6E14FB2B2B6D8A009B6710 /* catMaskLayoutV2.png */ = {isa = PBXFileReference; lastKnownFileType = image.png; path = catMaskLayoutV2.png; sourceTree = "<group>"; };
		2F6E14FD2B2B78C5009B6710 /* MaskRealityView.swift */ = {isa = PBXFileReference; lastKnownFileType = sourcecode.swift; path = MaskRealityView.swift; sourceTree = "<group>"; };
		2F7D160D2B5FE05900D396A0 /* MaskViewController.swift */ = {isa = PBXFileReference; lastKnownFileType = sourcecode.swift; path = MaskViewController.swift; sourceTree = "<group>"; };
		2F7D5AC42B0CFD15001760FE /* QuickLookController.swift */ = {isa = PBXFileReference; fileEncoding = 4; lastKnownFileType = sourcecode.swift; path = QuickLookController.swift; sourceTree = "<group>"; };
		2F7D5AC62B0CFDCB001760FE /* catFace.usdz */ = {isa = PBXFileReference; lastKnownFileType = file.usdz; path = catFace.usdz; sourceTree = "<group>"; };
		2F81E9122B5890550065E2B2 /* AppErrors.swift */ = {isa = PBXFileReference; lastKnownFileType = sourcecode.swift; path = AppErrors.swift; sourceTree = "<group>"; };
		2F8A87AC2B32EB3500DA3DA4 /* MatEntryView.swift */ = {isa = PBXFileReference; lastKnownFileType = sourcecode.swift; path = MatEntryView.swift; sourceTree = "<group>"; };
		2F8A87AE2B32EBCA00DA3DA4 /* HomeView.swift */ = {isa = PBXFileReference; lastKnownFileType = sourcecode.swift; path = HomeView.swift; sourceTree = "<group>"; };
		2F8A87B12B32F9BC00DA3DA4 /* Structs.swift */ = {isa = PBXFileReference; lastKnownFileType = sourcecode.swift; path = Structs.swift; sourceTree = "<group>"; };
		2FA02C052B719534008BC355 /* ImageEditView.swift */ = {isa = PBXFileReference; lastKnownFileType = sourcecode.swift; path = ImageEditView.swift; sourceTree = "<group>"; };
		2FB0DF8D2B745A210035E62B /* HandlingJSON.swift */ = {isa = PBXFileReference; lastKnownFileType = sourcecode.swift; path = HandlingJSON.swift; sourceTree = "<group>"; };
		2FBBE8C72B10406400777031 /* catFace.jpg */ = {isa = PBXFileReference; lastKnownFileType = image.jpeg; path = catFace.jpg; sourceTree = "<group>"; };
		2FBD2F4C2B50C259004AC58B /* imgTest2.png */ = {isa = PBXFileReference; lastKnownFileType = image.png; path = imgTest2.png; sourceTree = "<group>"; };
		2FBD2F502B514907004AC58B /* StateEnums.swift */ = {isa = PBXFileReference; lastKnownFileType = sourcecode.swift; path = StateEnums.swift; sourceTree = "<group>"; };
		2FBD2F532B516570004AC58B /* ButtonMenuView.swift */ = {isa = PBXFileReference; lastKnownFileType = sourcecode.swift; path = ButtonMenuView.swift; sourceTree = "<group>"; };
		2FEC1D862AFA55DF0047B439 /* PhotoCheckView.swift */ = {isa = PBXFileReference; fileEncoding = 4; lastKnownFileType = sourcecode.swift; path = PhotoCheckView.swift; sourceTree = "<group>"; };
		2FEC1D882AFB17F10047B439 /* CameraView.swift */ = {isa = PBXFileReference; lastKnownFileType = sourcecode.swift; path = CameraView.swift; sourceTree = "<group>"; };
		2FFD8D202AF3FD6000B80D62 /* AugDragon.app */ = {isa = PBXFileReference; explicitFileType = wrapper.application; includeInIndex = 0; path = AugDragon.app; sourceTree = BUILT_PRODUCTS_DIR; };
		2FFD8D232AF3FD6000B80D62 /* AugDragonApp.swift */ = {isa = PBXFileReference; lastKnownFileType = sourcecode.swift; path = AugDragonApp.swift; sourceTree = "<group>"; };
		2FFD8D272AF3FD6200B80D62 /* Assets.xcassets */ = {isa = PBXFileReference; lastKnownFileType = folder.assetcatalog; path = Assets.xcassets; sourceTree = "<group>"; };
		2FFD8D2A2AF3FD6200B80D62 /* Preview Assets.xcassets */ = {isa = PBXFileReference; lastKnownFileType = folder.assetcatalog; path = "Preview Assets.xcassets"; sourceTree = "<group>"; };
		2FFD8D322AF3FDB700B80D62 /* VisionAnalyserModel.swift */ = {isa = PBXFileReference; lastKnownFileType = sourcecode.swift; path = VisionAnalyserModel.swift; sourceTree = "<group>"; };
		2FFD8D372AF3FE2300B80D62 /* CameraViewModel.swift */ = {isa = PBXFileReference; fileEncoding = 4; lastKnownFileType = sourcecode.swift; path = CameraViewModel.swift; sourceTree = "<group>"; };
		2FFD8D3A2AF3FF5700B80D62 /* CameraPreview.swift */ = {isa = PBXFileReference; fileEncoding = 4; lastKnownFileType = sourcecode.swift; path = CameraPreview.swift; sourceTree = "<group>"; };
		2FFD8D3C2AF3FF5F00B80D62 /* CameraViewController.swift */ = {isa = PBXFileReference; fileEncoding = 4; lastKnownFileType = sourcecode.swift; path = CameraViewController.swift; sourceTree = "<group>"; };
		2FFD8D3F2AF3FFD400B80D62 /* ContentView.swift */ = {isa = PBXFileReference; fileEncoding = 4; lastKnownFileType = sourcecode.swift; path = ContentView.swift; sourceTree = "<group>"; };
		2FFD8D412AF3FFFA00B80D62 /* CameraViewRepresentable.swift */ = {isa = PBXFileReference; fileEncoding = 4; lastKnownFileType = sourcecode.swift; path = CameraViewRepresentable.swift; sourceTree = "<group>"; };
/* End PBXFileReference section */

/* Begin PBXFrameworksBuildPhase section */
		2FFD8D1D2AF3FD6000B80D62 /* Frameworks */ = {
			isa = PBXFrameworksBuildPhase;
			buildActionMask = 2147483647;
			files = (
			);
			runOnlyForDeploymentPostprocessing = 0;
		};
/* End PBXFrameworksBuildPhase section */

/* Begin PBXGroup section */
		2F1010B22B33630600505880 /* resources */ = {
			isa = PBXGroup;
			children = (
				2FBD2F4C2B50C259004AC58B /* imgTest2.png */,
				2F6004DA2B5AFE800099D4A3 /* topDownAnim_1.mp4 */,
				2F7D5AC62B0CFDCB001760FE /* catFace.usdz */,
				2F6E14FB2B2B6D8A009B6710 /* catMaskLayoutV2.png */,
				2FBBE8C72B10406400777031 /* catFace.jpg */,
			);
			path = resources;
			sourceTree = "<group>";
		};
		2F23BE452BF62DBC001C87EA /* Mask */ = {
			isa = PBXGroup;
			children = (
				2F7D160D2B5FE05900D396A0 /* MaskViewController.swift */,
				2F6E14FD2B2B78C5009B6710 /* MaskRealityView.swift */,
				2F4756DD2B2FC89400857831 /* MaskViewControllerReprentable.swift */,
			);
			path = Mask;
			sourceTree = "<group>";
		};
		2F6520902BF2286D00F30AFB /* Camera */ = {
			isa = PBXGroup;
			children = (
				2FFD8D372AF3FE2300B80D62 /* CameraViewModel.swift */,
				2FFD8D3C2AF3FF5F00B80D62 /* CameraViewController.swift */,
				2FFD8D412AF3FFFA00B80D62 /* CameraViewRepresentable.swift */,
				2FFD8D3A2AF3FF5700B80D62 /* CameraPreview.swift */,
				2FEC1D882AFB17F10047B439 /* CameraView.swift */,
				2FFD8D322AF3FDB700B80D62 /* VisionAnalyserModel.swift */,
			);
			path = Camera;
			sourceTree = "<group>";
		};
		2FB0DF8C2B7459C40035E62B /* businessLogic */ = {
			isa = PBXGroup;
			children = (
				2FB0DF8D2B745A210035E62B /* HandlingJSON.swift */,
				2FBD2F502B514907004AC58B /* StateEnums.swift */,
				2F8A87B12B32F9BC00DA3DA4 /* Structs.swift */,
				2F81E9122B5890550065E2B2 /* AppErrors.swift */,
			);
			path = businessLogic;
			sourceTree = "<group>";
		};
		2FFD8D172AF3FD6000B80D62 = {
			isa = PBXGroup;
			children = (
				2FFD8D222AF3FD6000B80D62 /* AugDragon */,
				2FFD8D212AF3FD6000B80D62 /* Products */,
			);
			sourceTree = "<group>";
		};
		2FFD8D212AF3FD6000B80D62 /* Products */ = {
			isa = PBXGroup;
			children = (
				2FFD8D202AF3FD6000B80D62 /* AugDragon.app */,
			);
			name = Products;
			sourceTree = "<group>";
		};
		2FFD8D222AF3FD6000B80D62 /* AugDragon */ = {
			isa = PBXGroup;
			children = (
				2F23BE452BF62DBC001C87EA /* Mask */,
				2F1010B22B33630600505880 /* resources */,
				2FB0DF8C2B7459C40035E62B /* businessLogic */,
				2F6520902BF2286D00F30AFB /* Camera */,
				2FFD8D3E2AF3FFBF00B80D62 /* GUI */,
				2FFD8D312AF3FD7E00B80D62 /* Models */,
				2FFD8D392AF3FF4100B80D62 /* UIKitViews */,
				2FFD8D232AF3FD6000B80D62 /* AugDragonApp.swift */,
				2FFD8D272AF3FD6200B80D62 /* Assets.xcassets */,
				2FFD8D292AF3FD6200B80D62 /* Preview Content */,
			);
			path = AugDragon;
			sourceTree = "<group>";
		};
		2FFD8D292AF3FD6200B80D62 /* Preview Content */ = {
			isa = PBXGroup;
			children = (
				2FFD8D2A2AF3FD6200B80D62 /* Preview Assets.xcassets */,
			);
			path = "Preview Content";
			sourceTree = "<group>";
		};
		2FFD8D312AF3FD7E00B80D62 /* Models */ = {
			isa = PBXGroup;
			children = (
				2F1DF7AC2B50A29A00C0CED6 /* FacePaintModel.swift */,
			);
			path = Models;
			sourceTree = "<group>";
		};
		2FFD8D392AF3FF4100B80D62 /* UIKitViews */ = {
			isa = PBXGroup;
			children = (
				2F7D5AC42B0CFD15001760FE /* QuickLookController.swift */,
				2F1DF7A82B50A09F00C0CED6 /* FacePaintView.swift */,
			);
			path = UIKitViews;
			sourceTree = "<group>";
		};
		2FFD8D3E2AF3FFBF00B80D62 /* GUI */ = {
			isa = PBXGroup;
			children = (
				2FEC1D862AFA55DF0047B439 /* PhotoCheckView.swift */,
				2F6004D82B5ABE250099D4A3 /* ActivityView.swift */,
				2FA02C052B719534008BC355 /* ImageEditView.swift */,
				2F6004962B5A08F20099D4A3 /* InstructionsView.swift */,
				2FFD8D3F2AF3FFD400B80D62 /* ContentView.swift */,
				2FBD2F532B516570004AC58B /* ButtonMenuView.swift */,
				2F8A87AC2B32EB3500DA3DA4 /* MatEntryView.swift */,
				2F8A87AE2B32EBCA00DA3DA4 /* HomeView.swift */,
			);
			path = GUI;
			sourceTree = "<group>";
		};
/* End PBXGroup section */

/* Begin PBXNativeTarget section */
		2FFD8D1F2AF3FD6000B80D62 /* AugDragon */ = {
			isa = PBXNativeTarget;
			buildConfigurationList = 2FFD8D2E2AF3FD6200B80D62 /* Build configuration list for PBXNativeTarget "AugDragon" */;
			buildPhases = (
				2FFD8D1C2AF3FD6000B80D62 /* Sources */,
				2FFD8D1D2AF3FD6000B80D62 /* Frameworks */,
				2FFD8D1E2AF3FD6000B80D62 /* Resources */,
			);
			buildRules = (
			);
			dependencies = (
			);
			name = AugDragon;
			productName = AugDragon;
			productReference = 2FFD8D202AF3FD6000B80D62 /* AugDragon.app */;
			productType = "com.apple.product-type.application";
		};
/* End PBXNativeTarget section */

/* Begin PBXProject section */
		2FFD8D182AF3FD6000B80D62 /* Project object */ = {
			isa = PBXProject;
			attributes = {
				BuildIndependentTargetsInParallel = 1;
				LastSwiftUpdateCheck = 1500;
				LastUpgradeCheck = 1500;
				TargetAttributes = {
					2FFD8D1F2AF3FD6000B80D62 = {
						CreatedOnToolsVersion = 15.0.1;
					};
				};
			};
			buildConfigurationList = 2FFD8D1B2AF3FD6000B80D62 /* Build configuration list for PBXProject "AugDragon" */;
			compatibilityVersion = "Xcode 14.0";
			developmentRegion = en;
			hasScannedForEncodings = 0;
			knownRegions = (
				en,
				Base,
			);
			mainGroup = 2FFD8D172AF3FD6000B80D62;
			productRefGroup = 2FFD8D212AF3FD6000B80D62 /* Products */;
			projectDirPath = "";
			projectRoot = "";
			targets = (
				2FFD8D1F2AF3FD6000B80D62 /* AugDragon */,
			);
		};
/* End PBXProject section */

/* Begin PBXResourcesBuildPhase section */
		2FFD8D1E2AF3FD6000B80D62 /* Resources */ = {
			isa = PBXResourcesBuildPhase;
			buildActionMask = 2147483647;
			files = (
				2FBD2F4D2B50C259004AC58B /* imgTest2.png in Resources */,
				2FFD8D2B2AF3FD6200B80D62 /* Preview Assets.xcassets in Resources */,
				2F6E14FC2B2B6D8A009B6710 /* catMaskLayoutV2.png in Resources */,
				2FBBE8C82B10406400777031 /* catFace.jpg in Resources */,
				2F7D5AC72B0CFDCB001760FE /* catFace.usdz in Resources */,
				2FFD8D282AF3FD6200B80D62 /* Assets.xcassets in Resources */,
				2F6004DB2B5AFE800099D4A3 /* topDownAnim_1.mp4 in Resources */,
			);
			runOnlyForDeploymentPostprocessing = 0;
		};
/* End PBXResourcesBuildPhase section */

/* Begin PBXSourcesBuildPhase section */
		2FFD8D1C2AF3FD6000B80D62 /* Sources */ = {
			isa = PBXSourcesBuildPhase;
			buildActionMask = 2147483647;
			files = (
				2F6004972B5A08F20099D4A3 /* InstructionsView.swift in Sources */,
				2FFD8D332AF3FDB700B80D62 /* VisionAnalyserModel.swift in Sources */,
				2F7D5AC52B0CFD15001760FE /* QuickLookController.swift in Sources */,
				2F8A87AD2B32EB3500DA3DA4 /* MatEntryView.swift in Sources */,
				2F6E14FE2B2B78C5009B6710 /* MaskRealityView.swift in Sources */,
				2F8A87AF2B32EBCA00DA3DA4 /* HomeView.swift in Sources */,
				2F4756DE2B2FC89400857831 /* MaskViewControllerReprentable.swift in Sources */,
				2F81E9132B5890550065E2B2 /* AppErrors.swift in Sources */,
				2FFD8D402AF3FFD400B80D62 /* ContentView.swift in Sources */,
				2F1DF7A92B50A09F00C0CED6 /* FacePaintView.swift in Sources */,
				2FFD8D3B2AF3FF5700B80D62 /* CameraPreview.swift in Sources */,
				2FEC1D872AFA55DF0047B439 /* PhotoCheckView.swift in Sources */,
				2FB0DF8E2B745A210035E62B /* HandlingJSON.swift in Sources */,
				2FEC1D892AFB17F10047B439 /* CameraView.swift in Sources */,
				2FFD8D3D2AF3FF5F00B80D62 /* CameraViewController.swift in Sources */,
				2F8A87B22B32F9BC00DA3DA4 /* Structs.swift in Sources */,
				2FBD2F542B516570004AC58B /* ButtonMenuView.swift in Sources */,
				2F6004D92B5ABE250099D4A3 /* ActivityView.swift in Sources */,
				2F1DF7AD2B50A29A00C0CED6 /* FacePaintModel.swift in Sources */,
				2FBD2F512B514907004AC58B /* StateEnums.swift in Sources */,
				2FA02C062B719534008BC355 /* ImageEditView.swift in Sources */,
				2FFD8D382AF3FE2300B80D62 /* CameraViewModel.swift in Sources */,
				2FFD8D242AF3FD6000B80D62 /* AugDragonApp.swift in Sources */,
				2FFD8D422AF3FFFA00B80D62 /* CameraViewRepresentable.swift in Sources */,
				2F7D160E2B5FE05900D396A0 /* MaskViewController.swift in Sources */,
			);
			runOnlyForDeploymentPostprocessing = 0;
		};
/* End PBXSourcesBuildPhase section */

/* Begin XCBuildConfiguration section */
		2FFD8D2C2AF3FD6200B80D62 /* Debug */ = {
			isa = XCBuildConfiguration;
			buildSettings = {
				ALWAYS_SEARCH_USER_PATHS = NO;
				ASSETCATALOG_COMPILER_GENERATE_SWIFT_ASSET_SYMBOL_EXTENSIONS = YES;
				CLANG_ANALYZER_NONNULL = YES;
				CLANG_ANALYZER_NUMBER_OBJECT_CONVERSION = YES_AGGRESSIVE;
				CLANG_CXX_LANGUAGE_STANDARD = "gnu++20";
				CLANG_ENABLE_MODULES = YES;
				CLANG_ENABLE_OBJC_ARC = YES;
				CLANG_ENABLE_OBJC_WEAK = YES;
				CLANG_WARN_BLOCK_CAPTURE_AUTORELEASING = YES;
				CLANG_WARN_BOOL_CONVERSION = YES;
				CLANG_WARN_COMMA = YES;
				CLANG_WARN_CONSTANT_CONVERSION = YES;
				CLANG_WARN_DEPRECATED_OBJC_IMPLEMENTATIONS = YES;
				CLANG_WARN_DIRECT_OBJC_ISA_USAGE = YES_ERROR;
				CLANG_WARN_DOCUMENTATION_COMMENTS = YES;
				CLANG_WARN_EMPTY_BODY = YES;
				CLANG_WARN_ENUM_CONVERSION = YES;
				CLANG_WARN_INFINITE_RECURSION = YES;
				CLANG_WARN_INT_CONVERSION = YES;
				CLANG_WARN_NON_LITERAL_NULL_CONVERSION = YES;
				CLANG_WARN_OBJC_IMPLICIT_RETAIN_SELF = YES;
				CLANG_WARN_OBJC_LITERAL_CONVERSION = YES;
				CLANG_WARN_OBJC_ROOT_CLASS = YES_ERROR;
				CLANG_WARN_QUOTED_INCLUDE_IN_FRAMEWORK_HEADER = YES;
				CLANG_WARN_RANGE_LOOP_ANALYSIS = YES;
				CLANG_WARN_STRICT_PROTOTYPES = YES;
				CLANG_WARN_SUSPICIOUS_MOVE = YES;
				CLANG_WARN_UNGUARDED_AVAILABILITY = YES_AGGRESSIVE;
				CLANG_WARN_UNREACHABLE_CODE = YES;
				CLANG_WARN__DUPLICATE_METHOD_MATCH = YES;
				COPY_PHASE_STRIP = NO;
				DEBUG_INFORMATION_FORMAT = dwarf;
				ENABLE_STRICT_OBJC_MSGSEND = YES;
				ENABLE_TESTABILITY = YES;
				ENABLE_USER_SCRIPT_SANDBOXING = YES;
				GCC_C_LANGUAGE_STANDARD = gnu17;
				GCC_DYNAMIC_NO_PIC = NO;
				GCC_NO_COMMON_BLOCKS = YES;
				GCC_OPTIMIZATION_LEVEL = 0;
				GCC_PREPROCESSOR_DEFINITIONS = (
					"DEBUG=1",
					"$(inherited)",
				);
				GCC_WARN_64_TO_32_BIT_CONVERSION = YES;
				GCC_WARN_ABOUT_RETURN_TYPE = YES_ERROR;
				GCC_WARN_UNDECLARED_SELECTOR = YES;
				GCC_WARN_UNINITIALIZED_AUTOS = YES_AGGRESSIVE;
				GCC_WARN_UNUSED_FUNCTION = YES;
				GCC_WARN_UNUSED_VARIABLE = YES;
				IPHONEOS_DEPLOYMENT_TARGET = 17.0;
				LOCALIZATION_PREFERS_STRING_CATALOGS = YES;
				MTL_ENABLE_DEBUG_INFO = INCLUDE_SOURCE;
				MTL_FAST_MATH = YES;
				ONLY_ACTIVE_ARCH = YES;
				SDKROOT = iphoneos;
				SWIFT_ACTIVE_COMPILATION_CONDITIONS = "DEBUG $(inherited)";
				SWIFT_OPTIMIZATION_LEVEL = "-Onone";
			};
			name = Debug;
		};
		2FFD8D2D2AF3FD6200B80D62 /* Release */ = {
			isa = XCBuildConfiguration;
			buildSettings = {
				ALWAYS_SEARCH_USER_PATHS = NO;
				ASSETCATALOG_COMPILER_GENERATE_SWIFT_ASSET_SYMBOL_EXTENSIONS = YES;
				CLANG_ANALYZER_NONNULL = YES;
				CLANG_ANALYZER_NUMBER_OBJECT_CONVERSION = YES_AGGRESSIVE;
				CLANG_CXX_LANGUAGE_STANDARD = "gnu++20";
				CLANG_ENABLE_MODULES = YES;
				CLANG_ENABLE_OBJC_ARC = YES;
				CLANG_ENABLE_OBJC_WEAK = YES;
				CLANG_WARN_BLOCK_CAPTURE_AUTORELEASING = YES;
				CLANG_WARN_BOOL_CONVERSION = YES;
				CLANG_WARN_COMMA = YES;
				CLANG_WARN_CONSTANT_CONVERSION = YES;
				CLANG_WARN_DEPRECATED_OBJC_IMPLEMENTATIONS = YES;
				CLANG_WARN_DIRECT_OBJC_ISA_USAGE = YES_ERROR;
				CLANG_WARN_DOCUMENTATION_COMMENTS = YES;
				CLANG_WARN_EMPTY_BODY = YES;
				CLANG_WARN_ENUM_CONVERSION = YES;
				CLANG_WARN_INFINITE_RECURSION = YES;
				CLANG_WARN_INT_CONVERSION = YES;
				CLANG_WARN_NON_LITERAL_NULL_CONVERSION = YES;
				CLANG_WARN_OBJC_IMPLICIT_RETAIN_SELF = YES;
				CLANG_WARN_OBJC_LITERAL_CONVERSION = YES;
				CLANG_WARN_OBJC_ROOT_CLASS = YES_ERROR;
				CLANG_WARN_QUOTED_INCLUDE_IN_FRAMEWORK_HEADER = YES;
				CLANG_WARN_RANGE_LOOP_ANALYSIS = YES;
				CLANG_WARN_STRICT_PROTOTYPES = YES;
				CLANG_WARN_SUSPICIOUS_MOVE = YES;
				CLANG_WARN_UNGUARDED_AVAILABILITY = YES_AGGRESSIVE;
				CLANG_WARN_UNREACHABLE_CODE = YES;
				CLANG_WARN__DUPLICATE_METHOD_MATCH = YES;
				COPY_PHASE_STRIP = NO;
				DEBUG_INFORMATION_FORMAT = "dwarf-with-dsym";
				ENABLE_NS_ASSERTIONS = NO;
				ENABLE_STRICT_OBJC_MSGSEND = YES;
				ENABLE_USER_SCRIPT_SANDBOXING = YES;
				GCC_C_LANGUAGE_STANDARD = gnu17;
				GCC_NO_COMMON_BLOCKS = YES;
				GCC_WARN_64_TO_32_BIT_CONVERSION = YES;
				GCC_WARN_ABOUT_RETURN_TYPE = YES_ERROR;
				GCC_WARN_UNDECLARED_SELECTOR = YES;
				GCC_WARN_UNINITIALIZED_AUTOS = YES_AGGRESSIVE;
				GCC_WARN_UNUSED_FUNCTION = YES;
				GCC_WARN_UNUSED_VARIABLE = YES;
				IPHONEOS_DEPLOYMENT_TARGET = 17.0;
				LOCALIZATION_PREFERS_STRING_CATALOGS = YES;
				MTL_ENABLE_DEBUG_INFO = NO;
				MTL_FAST_MATH = YES;
				SDKROOT = iphoneos;
				SWIFT_COMPILATION_MODE = wholemodule;
				VALIDATE_PRODUCT = YES;
			};
			name = Release;
		};
		2FFD8D2F2AF3FD6200B80D62 /* Debug */ = {
			isa = XCBuildConfiguration;
			buildSettings = {
				ASSETCATALOG_COMPILER_APPICON_NAME = AppIcon;
				ASSETCATALOG_COMPILER_GLOBAL_ACCENT_COLOR_NAME = AccentColor;
				CODE_SIGN_STYLE = Automatic;
				CURRENT_PROJECT_VERSION = 1;
				DEVELOPMENT_ASSET_PATHS = "\"AugDragon/Preview Content\"";
				DEVELOPMENT_TEAM = 4NY9EY68HK;
				ENABLE_PREVIEWS = YES;
				GENERATE_INFOPLIST_FILE = YES;
				INFOPLIST_KEY_NSCameraUsageDescription = "Please use camera";
				INFOPLIST_KEY_UIApplicationSceneManifest_Generation = YES;
				INFOPLIST_KEY_UIApplicationSupportsIndirectInputEvents = YES;
				INFOPLIST_KEY_UILaunchScreen_Generation = YES;
				INFOPLIST_KEY_UISupportedInterfaceOrientations = UIInterfaceOrientationPortrait;
				LD_RUNPATH_SEARCH_PATHS = (
					"$(inherited)",
					"@executable_path/Frameworks",
				);
				MARKETING_VERSION = 1.0;
				PRODUCT_BUNDLE_IDENTIFIER = tigerClaw.AugDragon;
				PRODUCT_NAME = "$(TARGET_NAME)";
				SWIFT_EMIT_LOC_STRINGS = YES;
				SWIFT_VERSION = 5.0;
				TARGETED_DEVICE_FAMILY = "1,2";
			};
			name = Debug;
		};
		2FFD8D302AF3FD6200B80D62 /* Release */ = {
			isa = XCBuildConfiguration;
			buildSettings = {
				ASSETCATALOG_COMPILER_APPICON_NAME = AppIcon;
				ASSETCATALOG_COMPILER_GLOBAL_ACCENT_COLOR_NAME = AccentColor;
				CODE_SIGN_STYLE = Automatic;
				CURRENT_PROJECT_VERSION = 1;
				DEVELOPMENT_ASSET_PATHS = "\"AugDragon/Preview Content\"";
				DEVELOPMENT_TEAM = 4NY9EY68HK;
				ENABLE_PREVIEWS = YES;
				GENERATE_INFOPLIST_FILE = YES;
				INFOPLIST_KEY_NSCameraUsageDescription = "Please use camera";
				INFOPLIST_KEY_UIApplicationSceneManifest_Generation = YES;
				INFOPLIST_KEY_UIApplicationSupportsIndirectInputEvents = YES;
				INFOPLIST_KEY_UILaunchScreen_Generation = YES;
				INFOPLIST_KEY_UISupportedInterfaceOrientations = UIInterfaceOrientationPortrait;
				LD_RUNPATH_SEARCH_PATHS = (
					"$(inherited)",
					"@executable_path/Frameworks",
				);
				MARKETING_VERSION = 1.0;
				PRODUCT_BUNDLE_IDENTIFIER = tigerClaw.AugDragon;
				PRODUCT_NAME = "$(TARGET_NAME)";
				SWIFT_EMIT_LOC_STRINGS = YES;
				SWIFT_VERSION = 5.0;
				TARGETED_DEVICE_FAMILY = "1,2";
			};
			name = Release;
		};
/* End XCBuildConfiguration section */

/* Begin XCConfigurationList section */
		2FFD8D1B2AF3FD6000B80D62 /* Build configuration list for PBXProject "AugDragon" */ = {
			isa = XCConfigurationList;
			buildConfigurations = (
				2FFD8D2C2AF3FD6200B80D62 /* Debug */,
				2FFD8D2D2AF3FD6200B80D62 /* Release */,
			);
			defaultConfigurationIsVisible = 0;
			defaultConfigurationName = Release;
		};
		2FFD8D2E2AF3FD6200B80D62 /* Build configuration list for PBXNativeTarget "AugDragon" */ = {
			isa = XCConfigurationList;
			buildConfigurations = (
				2FFD8D2F2AF3FD6200B80D62 /* Debug */,
				2FFD8D302AF3FD6200B80D62 /* Release */,
			);
			defaultConfigurationIsVisible = 0;
			defaultConfigurationName = Release;
		};
/* End XCConfigurationList section */
	};
	rootObject = 2FFD8D182AF3FD6000B80D62 /* Project object */;
}
